// !$*UTF8*$!
{
	archiveVersion = 1;
	classes = {
	};
	objectVersion = 56;
	objects = {

/* Begin PBXBuildFile section */
		A10001 /* MenuBarPilotApp.swift in Sources */ = {isa = PBXBuildFile; fileRef = B10001; };
		A10002 /* AppState.swift in Sources */ = {isa = PBXBuildFile; fileRef = B10002; };
		A10003 /* MenuBarItem.swift in Sources */ = {isa = PBXBuildFile; fileRef = B10003; };
		A10004 /* MenuBarItemManager.swift in Sources */ = {isa = PBXBuildFile; fileRef = B10004; };
		A10005 /* PrivateAPI.swift in Sources */ = {isa = PBXBuildFile; fileRef = B10005; };
		A10006 /* ClaudeSession.swift in Sources */ = {isa = PBXBuildFile; fileRef = B10006; };
		A10007 /* SessionLogParser.swift in Sources */ = {isa = PBXBuildFile; fileRef = B10007; };
		A10008 /* ClaudeMonitorService.swift in Sources */ = {isa = PBXBuildFile; fileRef = B10008; };
		A10009 /* ClaudeNotificationManager.swift in Sources */ = {isa = PBXBuildFile; fileRef = B10009; };
		A10010 /* StatusBarView.swift in Sources */ = {isa = PBXBuildFile; fileRef = B10010; };
		A10011 /* MenuBarIconsPanel.swift in Sources */ = {isa = PBXBuildFile; fileRef = B10011; };
		A10012 /* ClaudeStatusPanel.swift in Sources */ = {isa = PBXBuildFile; fileRef = B10012; };
		A10013 /* SettingsView.swift in Sources */ = {isa = PBXBuildFile; fileRef = B10013; };
		A10014 /* Assets.xcassets in Resources */ = {isa = PBXBuildFile; fileRef = B10014; };
/* End PBXBuildFile section */

/* Begin PBXFileReference section */
		C10001 /* MenuBarPilot.app */ = {isa = PBXFileReference; explicitFileType = wrapper.application; includeInIndex = 0; path = MenuBarPilot.app; sourceTree = BUILT_PRODUCTS_DIR; };
		B10001 /* MenuBarPilotApp.swift */ = {isa = PBXFileReference; lastKnownFileType = sourcecode.swift; path = MenuBarPilotApp.swift; sourceTree = "<group>"; };
		B10002 /* AppState.swift */ = {isa = PBXFileReference; lastKnownFileType = sourcecode.swift; path = AppState.swift; sourceTree = "<group>"; };
		B10003 /* MenuBarItem.swift */ = {isa = PBXFileReference; lastKnownFileType = sourcecode.swift; path = MenuBarItem.swift; sourceTree = "<group>"; };
		B10004 /* MenuBarItemManager.swift */ = {isa = PBXFileReference; lastKnownFileType = sourcecode.swift; path = MenuBarItemManager.swift; sourceTree = "<group>"; };
		B10005 /* PrivateAPI.swift */ = {isa = PBXFileReference; lastKnownFileType = sourcecode.swift; path = PrivateAPI.swift; sourceTree = "<group>"; };
		B10006 /* ClaudeSession.swift */ = {isa = PBXFileReference; lastKnownFileType = sourcecode.swift; path = ClaudeSession.swift; sourceTree = "<group>"; };
		B10007 /* SessionLogParser.swift */ = {isa = PBXFileReference; lastKnownFileType = sourcecode.swift; path = SessionLogParser.swift; sourceTree = "<group>"; };
		B10008 /* ClaudeMonitorService.swift */ = {isa = PBXFileReference; lastKnownFileType = sourcecode.swift; path = ClaudeMonitorService.swift; sourceTree = "<group>"; };
		B10009 /* ClaudeNotificationManager.swift */ = {isa = PBXFileReference; lastKnownFileType = sourcecode.swift; path = ClaudeNotificationManager.swift; sourceTree = "<group>"; };
		B10010 /* StatusBarView.swift */ = {isa = PBXFileReference; lastKnownFileType = sourcecode.swift; path = StatusBarView.swift; sourceTree = "<group>"; };
		B10011 /* MenuBarIconsPanel.swift */ = {isa = PBXFileReference; lastKnownFileType = sourcecode.swift; path = MenuBarIconsPanel.swift; sourceTree = "<group>"; };
		B10012 /* ClaudeStatusPanel.swift */ = {isa = PBXFileReference; lastKnownFileType = sourcecode.swift; path = ClaudeStatusPanel.swift; sourceTree = "<group>"; };
		B10013 /* SettingsView.swift */ = {isa = PBXFileReference; lastKnownFileType = sourcecode.swift; path = SettingsView.swift; sourceTree = "<group>"; };
		B10014 /* Assets.xcassets */ = {isa = PBXFileReference; lastKnownFileType = folder.assetcatalog; path = Assets.xcassets; sourceTree = "<group>"; };
		B10015 /* Info.plist */ = {isa = PBXFileReference; lastKnownFileType = text.plist.xml; path = Info.plist; sourceTree = "<group>"; };
		B10016 /* MenuBarPilot.entitlements */ = {isa = PBXFileReference; lastKnownFileType = text.plist.entitlements; path = MenuBarPilot.entitlements; sourceTree = "<group>"; };
/* End PBXFileReference section */

/* Begin PBXFrameworksBuildPhase section */
		D10001 /* Frameworks */ = {
			isa = PBXFrameworksBuildPhase;
			buildActionMask = 2147483647;
			files = (
			);
			runOnlyForDeploymentPostprocessing = 0;
		};
/* End PBXFrameworksBuildPhase section */

/* Begin PBXGroup section */
		E10000 = {
			isa = PBXGroup;
			children = (
				E10001 /* MenuBarPilot */,
				E10099 /* Products */,
			);
			sourceTree = "<group>";
		};
		E10099 /* Products */ = {
			isa = PBXGroup;
			children = (
				C10001 /* MenuBarPilot.app */,
			);
			name = Products;
			sourceTree = "<group>";
		};
		E10001 /* MenuBarPilot */ = {
			isa = PBXGroup;
			children = (
				B10001 /* MenuBarPilotApp.swift */,
				B10002 /* AppState.swift */,
				E10002 /* MenuBar */,
				E10003 /* ClaudeMonitor */,
				E10004 /* UI */,
				E10005 /* Utilities */,
				B10014 /* Assets.xcassets */,
				B10015 /* Info.plist */,
				B10016 /* MenuBarPilot.entitlements */,
			);
			path = MenuBarPilot;
			sourceTree = "<group>";
		};
		E10002 /* MenuBar */ = {
			isa = PBXGroup;
			children = (
				B10003 /* MenuBarItem.swift */,
				B10004 /* MenuBarItemManager.swift */,
			);
			path = MenuBar;
			sourceTree = "<group>";
		};
		E10003 /* ClaudeMonitor */ = {
			isa = PBXGroup;
			children = (
				B10006 /* ClaudeSession.swift */,
				B10007 /* SessionLogParser.swift */,
				B10008 /* ClaudeMonitorService.swift */,
				B10009 /* ClaudeNotificationManager.swift */,
			);
			path = ClaudeMonitor;
			sourceTree = "<group>";
		};
		E10004 /* UI */ = {
			isa = PBXGroup;
			children = (
				B10010 /* StatusBarView.swift */,
				B10011 /* MenuBarIconsPanel.swift */,
				B10012 /* ClaudeStatusPanel.swift */,
				B10013 /* SettingsView.swift */,
			);
			path = UI;
			sourceTree = "<group>";
		};
		E10005 /* Utilities */ = {
			isa = PBXGroup;
			children = (
				B10005 /* PrivateAPI.swift */,
			);
			path = Utilities;
			sourceTree = "<group>";
		};
/* End PBXGroup section */

/* Begin PBXNativeTarget section */
		F10001 /* MenuBarPilot */ = {
			isa = PBXNativeTarget;
			buildConfigurationList = G10003 /* Build configuration list for PBXNativeTarget "MenuBarPilot" */;
			buildPhases = (
				D10002 /* Sources */,
				D10001 /* Frameworks */,
				D10003 /* Resources */,
			);
			buildRules = (
			);
			dependencies = (
			);
			name = MenuBarPilot;
			productName = MenuBarPilot;
			productReference = C10001 /* MenuBarPilot.app */;
			productType = "com.apple.product-type.application";
		};
/* End PBXNativeTarget section */

/* Begin PBXProject section */
		F10000 /* Project object */ = {
			isa = PBXProject;
			attributes = {
				BuildIndependentTargetsInParallel = 1;
				LastSwiftUpdateCheck = 1540;
				LastUpgradeCheck = 1540;
				TargetAttributes = {
					F10001 = {
						CreatedOnToolsVersion = 16.0;
					};
				};
			};
			buildConfigurationList = G10001 /* Build configuration list for PBXProject "MenuBarPilot" */;
			compatibilityVersion = "Xcode 14.0";
			developmentRegion = en;
			hasScannedForEncodings = 0;
			knownRegions = (
				en,
				Base,
			);
			mainGroup = E10000;
			productRefGroup = E10099 /* Products */;
			projectDirPath = "";
			projectRoot = "";
			targets = (
				F10001 /* MenuBarPilot */,
			);
		};
/* End PBXProject section */

/* Begin PBXResourcesBuildPhase section */
		D10003 /* Resources */ = {
			isa = PBXResourcesBuildPhase;
			buildActionMask = 2147483647;
			files = (
				A10014 /* Assets.xcassets in Resources */,
			);
			runOnlyForDeploymentPostprocessing = 0;
		};
/* End PBXResourcesBuildPhase section */

/* Begin PBXSourcesBuildPhase section */
		D10002 /* Sources */ = {
			isa = PBXSourcesBuildPhase;
			buildActionMask = 2147483647;
			files = (
				A10001 /* MenuBarPilotApp.swift in Sources */,
				A10002 /* AppState.swift in Sources */,
				A10003 /* MenuBarItem.swift in Sources */,
				A10004 /* MenuBarItemManager.swift in Sources */,
				A10005 /* PrivateAPI.swift in Sources */,
				A10006 /* ClaudeSession.swift in Sources */,
				A10007 /* SessionLogParser.swift in Sources */,
				A10008 /* ClaudeMonitorService.swift in Sources */,
				A10009 /* ClaudeNotificationManager.swift in Sources */,
				A10010 /* StatusBarView.swift in Sources */,
				A10011 /* MenuBarIconsPanel.swift in Sources */,
				A10012 /* ClaudeStatusPanel.swift in Sources */,
				A10013 /* SettingsView.swift in Sources */,
			);
			runOnlyForDeploymentPostprocessing = 0;
		};
/* End PBXSourcesBuildPhase section */

/* Begin XCBuildConfiguration section */
		H10001 /* Debug */ = {
			isa = XCBuildConfiguration;
			buildSettings = {
				ALWAYS_SEARCH_USER_PATHS = NO;
				ASSETCATALOG_COMPILER_GENERATE_SWIFT_ASSET_SYMBOL_EXTENSIONS = YES;
				CLANG_ANALYZER_NONNULL = YES;
				CLANG_ANALYZER_NUMBER_OBJECT_CONVERSION = YES_AGGRESSIVE;
				CLANG_CXX_LANGUAGE_STANDARD = "gnu++20";
				CLANG_ENABLE_MODULES = YES;
				CLANG_ENABLE_OBJC_ARC = YES;
				COPY_PHASE_STRIP = NO;
				DEBUG_INFORMATION_FORMAT = dwarf;
				ENABLE_STRICT_OBJC_MSGSEND = YES;
				ENABLE_TESTABILITY = YES;
				ENABLE_USER_SCRIPT_SANDBOXING = YES;
				GCC_DYNAMIC_NO_PIC = NO;
				GCC_OPTIMIZATION_LEVEL = 0;
				GCC_PREPROCESSOR_DEFINITIONS = (
					"DEBUG=1",
					"$(inherited)",
				);
				GCC_WARN_ABOUT_RETURN_TYPE = YES_ERROR;
				GCC_WARN_UNINITIALIZED_AUTOS = YES_AGGRESSIVE;
				MACOSX_DEPLOYMENT_TARGET = 14.0;
				MTL_ENABLE_DEBUG_INFO = INCLUDE_SOURCE;
				ONLY_ACTIVE_ARCH = YES;
				SDKROOT = macosx;
				SWIFT_ACTIVE_COMPILATION_CONDITIONS = "$(inherited) DEBUG";
				SWIFT_OPTIMIZATION_LEVEL = "-Onone";
			};
			name = Debug;
		};
		H10002 /* Release */ = {
			isa = XCBuildConfiguration;
			buildSettings = {
				ALWAYS_SEARCH_USER_PATHS = NO;
				ASSETCATALOG_COMPILER_GENERATE_SWIFT_ASSET_SYMBOL_EXTENSIONS = YES;
				CLANG_ANALYZER_NONNULL = YES;
				CLANG_ANALYZER_NUMBER_OBJECT_CONVERSION = YES_AGGRESSIVE;
				CLANG_CXX_LANGUAGE_STANDARD = "gnu++20";
				CLANG_ENABLE_MODULES = YES;
				CLANG_ENABLE_OBJC_ARC = YES;
				COPY_PHASE_STRIP = NO;
				DEBUG_INFORMATION_FORMAT = "dwarf-with-dsym";
				ENABLE_NS_ASSERTIONS = NO;
				ENABLE_STRICT_OBJC_MSGSEND = YES;
				ENABLE_USER_SCRIPT_SANDBOXING = YES;
				GCC_WARN_ABOUT_RETURN_TYPE = YES_ERROR;
				GCC_WARN_UNINITIALIZED_AUTOS = YES_AGGRESSIVE;
				MACOSX_DEPLOYMENT_TARGET = 14.0;
				SDKROOT = macosx;
				SWIFT_COMPILATION_MODE = wholemodule;
			};
			name = Release;
		};
		H10003 /* Debug */ = {
			isa = XCBuildConfiguration;
			buildSettings = {
				ASSETCATALOG_COMPILER_APPICON_NAME = AppIcon;
				ASSETCATALOG_COMPILER_GLOBAL_ACCENT_COLOR_NAME = AccentColor;
				CODE_SIGN_ENTITLEMENTS = MenuBarPilot/MenuBarPilot.entitlements;
				CODE_SIGN_STYLE = Automatic;
				COMBINE_HIDPI_IMAGES = YES;
				CURRENT_PROJECT_VERSION = 1;
				DEVELOPMENT_TEAM = "";
				ENABLE_HARDENED_RUNTIME = YES;
				GENERATE_INFOPLIST_FILE = NO;
				INFOPLIST_FILE = MenuBarPilot/Info.plist;
				INFOPLIST_KEY_NSHumanReadableCopyright = "";
				LD_RUNPATH_SEARCH_PATHS = (
					"$(inherited)",
					"@executable_path/../Frameworks",
				);
				MARKETING_VERSION = 1.0;
				PRODUCT_BUNDLE_IDENTIFIER = com.menubarpilot.app;
				PRODUCT_NAME = "$(TARGET_NAME)";
				SWIFT_EMIT_LOC_STRINGS = YES;
				SWIFT_VERSION = 5.0;
			};
			name = Debug;
		};
		H10004 /* Release */ = {
			isa = XCBuildConfiguration;
			buildSettings = {
				ASSETCATALOG_COMPILER_APPICON_NAME = AppIcon;
				ASSETCATALOG_COMPILER_GLOBAL_ACCENT_COLOR_NAME = AccentColor;
				CODE_SIGN_ENTITLEMENTS = MenuBarPilot/MenuBarPilot.entitlements;
				CODE_SIGN_STYLE = Automatic;
				COMBINE_HIDPI_IMAGES = YES;
				CURRENT_PROJECT_VERSION = 1;
				DEVELOPMENT_TEAM = "";
				ENABLE_HARDENED_RUNTIME = YES;
				GENERATE_INFOPLIST_FILE = NO;
				INFOPLIST_FILE = MenuBarPilot/Info.plist;
				INFOPLIST_KEY_NSHumanReadableCopyright = "";
				LD_RUNPATH_SEARCH_PATHS = (
					"$(inherited)",
					"@executable_path/../Frameworks",
				);
				MARKETING_VERSION = 1.0;
				PRODUCT_BUNDLE_IDENTIFIER = com.menubarpilot.app;
				PRODUCT_NAME = "$(TARGET_NAME)";
				SWIFT_EMIT_LOC_STRINGS = YES;
				SWIFT_VERSION = 5.0;
			};
			name = Release;
		};
/* End XCBuildConfiguration section */

/* Begin XCConfigurationList section */
		G10001 /* Build configuration list for PBXProject "MenuBarPilot" */ = {
			isa = XCConfigurationList;
			buildConfigurations = (
				H10001 /* Debug */,
				H10002 /* Release */,
			);
			defaultConfigurationIsVisible = 0;
			defaultConfigurationName = Release;
		};
		G10003 /* Build configuration list for PBXNativeTarget "MenuBarPilot" */ = {
			isa = XCConfigurationList;
			buildConfigurations = (
				H10003 /* Debug */,
				H10004 /* Release */,
			);
			defaultConfigurationIsVisible = 0;
			defaultConfigurationName = Release;
		};
/* End XCConfigurationList section */
	};
	rootObject = F10000 /* Project object */;
}
